
Microsoft Visual Studio Solution File, Format Version 12.00
# Visual Studio 15
VisualStudioVersion = 15.0.27703.2026
MinimumVisualStudioVersion = 10.0.40219.1
Project("{FAE04EC0-301F-11D3-BF4B-00C04F79EFBC}") = "WhatSAP", "WhatSAP\WhatSAP.csproj", "{2908E2E6-FAFB-4687-8CC2-9451752FB284}"
EndProject
Global
	GlobalSection(SolutionConfigurationPlatforms) = preSolution
		Debug|Any CPU = Debug|Any CPU
		Release|Any CPU = Release|Any CPU
	EndGlobalSection
	GlobalSection(ProjectConfigurationPlatforms) = postSolution
		{2908E2E6-FAFB-4687-8CC2-9451752FB284}.Debug|Any CPU.ActiveCfg = Debug|Any CPU
		{2908E2E6-FAFB-4687-8CC2-9451752FB284}.Debug|Any CPU.Build.0 = Debug|Any CPU
		{2908E2E6-FAFB-4687-8CC2-9451752FB284}.Release|Any CPU.ActiveCfg = Release|Any CPU
		{2908E2E6-FAFB-4687-8CC2-9451752FB284}.Release|Any CPU.Build.0 = Release|Any CPU
	EndGlobalSection
	GlobalSection(SolutionProperties) = preSolution
		HideSolutionNode = FALSE
	EndGlobalSection
	GlobalSection(ExtensibilityGlobals) = postSolution
		SolutionGuid = {057EE006-8A37-4ED6-AB8B-AF9A16BB8211}
	EndGlobalSection
EndGlobal
